prefixes:
  color_tft: toit-color-tft
  pixel_display: toit-pixel-display
  roboto: toit-font-google-100dpi-roboto
packages:
  toit-color-tft:
    url: github.com/toitware/toit-color-tft
    version: 1.0.0
    prefixes:
      pixel_display: toit-pixel-display
  toit-font-google-100dpi-roboto:
    url: github.com/toitware/toit-font-google-100dpi-roboto
    version: 1.1.0
  toit-pixel-display:
    url: github.com/toitware/toit-pixel-display
    version: 1.1.0
